
Microsoft Visual Studio Solution File, Format Version 12.00
# Visual Studio Version 16
VisualStudioVersion = 16.0.30907.101
MinimumVisualStudioVersion = 10.0.40219.1
Project("{2150E333-8FDC-42A3-9474-1A3956D46DE8}") = "src", "src", "{11BAEE3A-C0B2-44C4-A037-0D380A42F763}"
EndProject
Project("{2150E333-8FDC-42A3-9474-1A3956D46DE8}") = "Building Blocks", "Building Blocks", "{D1A48FB2-3EB0-4069-B133-4AF464256347}"
EndProject
Project("{2150E333-8FDC-42A3-9474-1A3956D46DE8}") = "Services", "Services", "{30A6D241-A72C-418F-BCBD-2E4686EAC40D}"
EndProject
Project("{2150E333-8FDC-42A3-9474-1A3956D46DE8}") = "Web", "Web", "{E5ADA527-6B98-4471-9326-345F48DB2FDC}"
EndProject
Project("{2150E333-8FDC-42A3-9474-1A3956D46DE8}") = "Indentidade", "Indentidade", "{220CD5D5-E32E-42CC-AA5B-09054C18E5A3}"
EndProject
Project("{FAE04EC0-301F-11D3-BF4B-00C04F79EFBC}") = "NSE.Identidade.API", "src\services\NSE.Identidade.API\NSE.Identidade.API.csproj", "{E9604D10-0953-4375-89C6-A724575444BE}"
EndProject
Project("{2150E333-8FDC-42A3-9474-1A3956D46DE8}") = "MVC", "MVC", "{256FD113-2140-439E-BBE8-DA04D0960168}"
EndProject
Project("{FAE04EC0-301F-11D3-BF4B-00C04F79EFBC}") = "NSE.WebApp.MVC", "src\web\NSE.WebApp.MVC\NSE.WebApp.MVC.csproj", "{46002307-AAF7-4465-A61D-4440F432CD8A}"
EndProject
Project("{2150E333-8FDC-42A3-9474-1A3956D46DE8}") = "Core", "Core", "{14E765CF-EA65-4EA3-A318-EA2908F9FE0A}"
EndProject
Project("{FAE04EC0-301F-11D3-BF4B-00C04F79EFBC}") = "NSE.Core", "src\building blocks\NSE.Core\NSE.Core.csproj", "{3076B432-E34B-4A1B-B333-E2D1AD5081BA}"
EndProject
Project("{2150E333-8FDC-42A3-9474-1A3956D46DE8}") = "Carrinho", "Carrinho", "{A3711EF3-5568-4AB0-9443-25E0DE8EB717}"
EndProject
Project("{2150E333-8FDC-42A3-9474-1A3956D46DE8}") = "Catalogo", "Catalogo", "{4EB7146E-6D99-45A9-BD8B-40AF76F2D97F}"
EndProject
Project("{2150E333-8FDC-42A3-9474-1A3956D46DE8}") = "Cliente", "Cliente", "{D3EEAB3B-BBC7-4B27-A499-07A267EA01B2}"
EndProject
Project("{2150E333-8FDC-42A3-9474-1A3956D46DE8}") = "Pagamento", "Pagamento", "{27D00647-4722-48D2-B43F-725B21E9042D}"
EndProject
Project("{2150E333-8FDC-42A3-9474-1A3956D46DE8}") = "Pedido", "Pedido", "{8E1577A4-AFCD-4895-8F45-E09E3ED62D2F}"
EndProject
Project("{FAE04EC0-301F-11D3-BF4B-00C04F79EFBC}") = "NSE.Carrinho.API", "src\services\NSE.Carrinho.API\NSE.Carrinho.API.csproj", "{8FC68362-139C-4326-88A1-99D7615846FF}"
EndProject
Project("{FAE04EC0-301F-11D3-BF4B-00C04F79EFBC}") = "NSE.Catalogo.API", "src\services\NSE.Catalogo.API\NSE.Catalogo.API.csproj", "{40025EBB-CCC6-49AD-8FE6-BF84720B0BC1}"
EndProject
Project("{FAE04EC0-301F-11D3-BF4B-00C04F79EFBC}") = "NSE.Cliente.API", "src\services\NSE.Cliente.API\NSE.Cliente.API.csproj", "{EEFDC106-E9DF-4862-9827-6F55BC71F327}"
EndProject
Project("{FAE04EC0-301F-11D3-BF4B-00C04F79EFBC}") = "NSE.Pagamento.API", "src\services\NSE.Pagamento.API\NSE.Pagamento.API.csproj", "{C1DA6532-9EA1-4A69-B54C-A72DE44C55F0}"
EndProject
Project("{FAE04EC0-301F-11D3-BF4B-00C04F79EFBC}") = "NSE.Pedido.API", "src\services\NSE.Pedido.API\NSE.Pedido.API.csproj", "{27B10904-2D20-40E8-A1F8-9B8ED393B237}"
EndProject
Global
	GlobalSection(SolutionConfigurationPlatforms) = preSolution
		Debug|Any CPU = Debug|Any CPU
		Release|Any CPU = Release|Any CPU
	EndGlobalSection
	GlobalSection(ProjectConfigurationPlatforms) = postSolution
		{E9604D10-0953-4375-89C6-A724575444BE}.Debug|Any CPU.ActiveCfg = Debug|Any CPU
		{E9604D10-0953-4375-89C6-A724575444BE}.Debug|Any CPU.Build.0 = Debug|Any CPU
		{E9604D10-0953-4375-89C6-A724575444BE}.Release|Any CPU.ActiveCfg = Release|Any CPU
		{E9604D10-0953-4375-89C6-A724575444BE}.Release|Any CPU.Build.0 = Release|Any CPU
		{46002307-AAF7-4465-A61D-4440F432CD8A}.Debug|Any CPU.ActiveCfg = Debug|Any CPU
		{46002307-AAF7-4465-A61D-4440F432CD8A}.Debug|Any CPU.Build.0 = Debug|Any CPU
		{46002307-AAF7-4465-A61D-4440F432CD8A}.Release|Any CPU.ActiveCfg = Release|Any CPU
		{46002307-AAF7-4465-A61D-4440F432CD8A}.Release|Any CPU.Build.0 = Release|Any CPU
		{3076B432-E34B-4A1B-B333-E2D1AD5081BA}.Debug|Any CPU.ActiveCfg = Debug|Any CPU
		{3076B432-E34B-4A1B-B333-E2D1AD5081BA}.Debug|Any CPU.Build.0 = Debug|Any CPU
		{3076B432-E34B-4A1B-B333-E2D1AD5081BA}.Release|Any CPU.ActiveCfg = Release|Any CPU
		{3076B432-E34B-4A1B-B333-E2D1AD5081BA}.Release|Any CPU.Build.0 = Release|Any CPU
		{8FC68362-139C-4326-88A1-99D7615846FF}.Debug|Any CPU.ActiveCfg = Debug|Any CPU
		{8FC68362-139C-4326-88A1-99D7615846FF}.Debug|Any CPU.Build.0 = Debug|Any CPU
		{8FC68362-139C-4326-88A1-99D7615846FF}.Release|Any CPU.ActiveCfg = Release|Any CPU
		{8FC68362-139C-4326-88A1-99D7615846FF}.Release|Any CPU.Build.0 = Release|Any CPU
		{40025EBB-CCC6-49AD-8FE6-BF84720B0BC1}.Debug|Any CPU.ActiveCfg = Debug|Any CPU
		{40025EBB-CCC6-49AD-8FE6-BF84720B0BC1}.Debug|Any CPU.Build.0 = Debug|Any CPU
		{40025EBB-CCC6-49AD-8FE6-BF84720B0BC1}.Release|Any CPU.ActiveCfg = Release|Any CPU
		{40025EBB-CCC6-49AD-8FE6-BF84720B0BC1}.Release|Any CPU.Build.0 = Release|Any CPU
		{EEFDC106-E9DF-4862-9827-6F55BC71F327}.Debug|Any CPU.ActiveCfg = Debug|Any CPU
		{EEFDC106-E9DF-4862-9827-6F55BC71F327}.Debug|Any CPU.Build.0 = Debug|Any CPU
		{EEFDC106-E9DF-4862-9827-6F55BC71F327}.Release|Any CPU.ActiveCfg = Release|Any CPU
		{EEFDC106-E9DF-4862-9827-6F55BC71F327}.Release|Any CPU.Build.0 = Release|Any CPU
		{C1DA6532-9EA1-4A69-B54C-A72DE44C55F0}.Debug|Any CPU.ActiveCfg = Debug|Any CPU
		{C1DA6532-9EA1-4A69-B54C-A72DE44C55F0}.Debug|Any CPU.Build.0 = Debug|Any CPU
		{C1DA6532-9EA1-4A69-B54C-A72DE44C55F0}.Release|Any CPU.ActiveCfg = Release|Any CPU
		{C1DA6532-9EA1-4A69-B54C-A72DE44C55F0}.Release|Any CPU.Build.0 = Release|Any CPU
		{27B10904-2D20-40E8-A1F8-9B8ED393B237}.Debug|Any CPU.ActiveCfg = Debug|Any CPU
		{27B10904-2D20-40E8-A1F8-9B8ED393B237}.Debug|Any CPU.Build.0 = Debug|Any CPU
		{27B10904-2D20-40E8-A1F8-9B8ED393B237}.Release|Any CPU.ActiveCfg = Release|Any CPU
		{27B10904-2D20-40E8-A1F8-9B8ED393B237}.Release|Any CPU.Build.0 = Release|Any CPU
	EndGlobalSection
	GlobalSection(SolutionProperties) = preSolution
		HideSolutionNode = FALSE
	EndGlobalSection
	GlobalSection(NestedProjects) = preSolution
		{D1A48FB2-3EB0-4069-B133-4AF464256347} = {11BAEE3A-C0B2-44C4-A037-0D380A42F763}
		{30A6D241-A72C-418F-BCBD-2E4686EAC40D} = {11BAEE3A-C0B2-44C4-A037-0D380A42F763}
		{E5ADA527-6B98-4471-9326-345F48DB2FDC} = {11BAEE3A-C0B2-44C4-A037-0D380A42F763}
		{220CD5D5-E32E-42CC-AA5B-09054C18E5A3} = {30A6D241-A72C-418F-BCBD-2E4686EAC40D}
		{E9604D10-0953-4375-89C6-A724575444BE} = {220CD5D5-E32E-42CC-AA5B-09054C18E5A3}
		{256FD113-2140-439E-BBE8-DA04D0960168} = {E5ADA527-6B98-4471-9326-345F48DB2FDC}
		{46002307-AAF7-4465-A61D-4440F432CD8A} = {256FD113-2140-439E-BBE8-DA04D0960168}
		{14E765CF-EA65-4EA3-A318-EA2908F9FE0A} = {D1A48FB2-3EB0-4069-B133-4AF464256347}
		{3076B432-E34B-4A1B-B333-E2D1AD5081BA} = {14E765CF-EA65-4EA3-A318-EA2908F9FE0A}
		{A3711EF3-5568-4AB0-9443-25E0DE8EB717} = {30A6D241-A72C-418F-BCBD-2E4686EAC40D}
		{4EB7146E-6D99-45A9-BD8B-40AF76F2D97F} = {30A6D241-A72C-418F-BCBD-2E4686EAC40D}
		{D3EEAB3B-BBC7-4B27-A499-07A267EA01B2} = {30A6D241-A72C-418F-BCBD-2E4686EAC40D}
		{27D00647-4722-48D2-B43F-725B21E9042D} = {30A6D241-A72C-418F-BCBD-2E4686EAC40D}
		{8E1577A4-AFCD-4895-8F45-E09E3ED62D2F} = {30A6D241-A72C-418F-BCBD-2E4686EAC40D}
		{8FC68362-139C-4326-88A1-99D7615846FF} = {A3711EF3-5568-4AB0-9443-25E0DE8EB717}
		{40025EBB-CCC6-49AD-8FE6-BF84720B0BC1} = {4EB7146E-6D99-45A9-BD8B-40AF76F2D97F}
		{EEFDC106-E9DF-4862-9827-6F55BC71F327} = {D3EEAB3B-BBC7-4B27-A499-07A267EA01B2}
		{C1DA6532-9EA1-4A69-B54C-A72DE44C55F0} = {27D00647-4722-48D2-B43F-725B21E9042D}
		{27B10904-2D20-40E8-A1F8-9B8ED393B237} = {8E1577A4-AFCD-4895-8F45-E09E3ED62D2F}
	EndGlobalSection
	GlobalSection(ExtensibilityGlobals) = postSolution
		SolutionGuid = {279B1E2E-A806-40A8-AE3A-16E988B2A570}
	EndGlobalSection
EndGlobal
